
Microsoft Visual Studio Solution File, Format Version 12.00
# Visual Studio Version 16
VisualStudioVersion = 16.0.30611.23
MinimumVisualStudioVersion = 10.0.40219.1
Project("{159641D6-6404-4A2A-AE62-294DE0FE8301}") = "RITADWH", "testtssis\RITADWH.dtproj", "{79990EF9-22D5-440C-B552-9D217432D816}"
EndProject
Global
	GlobalSection(SolutionConfigurationPlatforms) = preSolution
		Development|Default = Development|Default
	EndGlobalSection
	GlobalSection(ProjectConfigurationPlatforms) = postSolution
		{79990EF9-22D5-440C-B552-9D217432D816}.Development|Default.ActiveCfg = Development
		{79990EF9-22D5-440C-B552-9D217432D816}.Development|Default.Build.0 = Development
	EndGlobalSection
	GlobalSection(SolutionProperties) = preSolution
		HideSolutionNode = FALSE
	EndGlobalSection
	GlobalSection(ExtensibilityGlobals) = postSolution
		SolutionGuid = {7238747D-D9FF-4339-BD0D-7BF5118BEA75}
	EndGlobalSection
EndGlobal
